{
  "name": "@ispo-store/video-studio",
  "version": "0.1.0",
  "lockfileVersion": 3,
  "requires": true,
  "packages": {
    "": {
      "name": "@ispo-store/video-studio",
      "version": "0.1.0",
      "dependencies": {
        "animejs": "4.5.0",
        "colord": "2.9.3",
        "koota": "file:vendor/koota",
        "mediabunny": "1.50.6"
      },
      "devDependencies": {
        "@types/audioworklet": "0.0.92",
        "@types/node": "22.10.2",
        "@webgpu/types": "^0.1.71"
      }
    },
    "node_modules/@types/audioworklet": {
      "version": "0.0.92",
      "resolved": "https://registry.npmjs.org/@types/audioworklet/-/audioworklet-0.0.92.tgz",
      "integrity": "sha512-ykniYTjl1eqgkLeHLH2AAgj4rqdFZyxeVDtCopTTlcvgH7nOHNSn0KYXZPgc0Mx0TiUAwHNEzBWoJw/i8OETBg==",
      "dev": true,
      "license": "Apache-2.0"
    },
    "node_modules/@types/dom-mediacapture-transform": {
      "version": "0.1.12",
      "resolved": "https://registry.npmjs.org/@types/dom-mediacapture-transform/-/dom-mediacapture-transform-0.1.12.tgz",
      "integrity": "sha512-d7/QsLRwF864A5mgIM/YrfiglHoYn7zgCcAoJgW404r+2DwnNr7EBbLnCWpmOMgH8y0te73L1AV6H1bmauaWFw==",
      "license": "MIT",
      "dependencies": {
        "@types/dom-webcodecs": "*"
      }
    },
    "node_modules/@types/dom-webcodecs": {
      "version": "0.1.13",
      "resolved": "https://registry.npmjs.org/@types/dom-webcodecs/-/dom-webcodecs-0.1.13.tgz",
      "integrity": "sha512-O5hkiFIcjjszPIYyUSyvScyvrBoV3NOEEZx/pMlsu44TKzWNkLVBBxnxJz42in5n3QIolYOcBYFCPZZ0h8SkwQ==",
      "license": "MIT"
    },
    "node_modules/@types/node": {
      "version": "22.10.2",
      "resolved": "https://registry.npmjs.org/@types/node/-/node-22.10.2.tgz",
      "integrity": "sha512-Xxr6BBRCAOQixvonOye19wnzyDiUtTeqldOOmj3CkeblonbccA12PFwlufvRdrpjXxqnmUaeiU5EOA+7s5diUQ==",
      "dev": true,
      "license": "MIT",
      "dependencies": {
        "undici-types": "~6.20.0"
      }
    },
    "node_modules/@webgpu/types": {
      "version": "0.1.72",
      "resolved": "https://registry.npmjs.org/@webgpu/types/-/types-0.1.72.tgz",
      "integrity": "sha512-0cF7RFM2edNoiIS1ODJp0/Gzv4/xSXhwoR0YCza+OWpJWtn4wmo9DvK91aLlH9+uUnwIriP7ZiC3WitmyhuzBw==",
      "dev": true,
      "license": "BSD-3-Clause"
    },
    "node_modules/animejs": {
      "version": "4.5.0",
      "resolved": "https://registry.npmjs.org/animejs/-/animejs-4.5.0.tgz",
      "integrity": "sha512-NQimYX+lz8WaXonGS9zVVoviCIAjONeJayxacUditaivYLqyXgGjFKjuyl0aUUhFKm5MriX9ty1TGovNzoJQWA==",
      "license": "MIT",
      "funding": {
        "type": "github",
        "url": "https://github.com/sponsors/juliangarnier"
      },
      "peerDependencies": {
        "@types/three": ">=0.150.0",
        "three": ">=0.150.0"
      },
      "peerDependenciesMeta": {
        "@types/three": {
          "optional": true
        },
        "three": {
          "optional": true
        }
      }
    },
    "node_modules/colord": {
      "version": "2.9.3",
      "resolved": "https://registry.npmjs.org/colord/-/colord-2.9.3.tgz",
      "integrity": "sha512-jeC1axXpnb0/2nn/Y1LPuLdgXBLH7aDcHu4KEKfqw3CUhX7ZpfBSlPKyqXE6btIgEzfWtrX3/tyBCaCvXvMkOw==",
      "license": "MIT"
    },
    "node_modules/koota": {
      "resolved": "vendor/koota",
      "link": true
    },
    "node_modules/mediabunny": {
      "version": "1.50.6",
      "resolved": "https://registry.npmjs.org/mediabunny/-/mediabunny-1.50.6.tgz",
      "integrity": "sha512-ktHEuGFZ1lqXx16CQiViawxg8Kn2cBcpudjjko7dMuDHMT8W/UrQ0ojhfrXL69/nUrbVFGMwmu58pFz9d0MyOQ==",
      "license": "MPL-2.0",
      "workspaces": [
        ".",
        "packages/*"
      ],
      "dependencies": {
        "@types/dom-mediacapture-transform": "^0.1.11",
        "@types/dom-webcodecs": "0.1.13"
      },
      "funding": {
        "type": "individual",
        "url": "https://github.com/sponsors/Vanilagy"
      }
    },
    "node_modules/undici-types": {
      "version": "6.20.0",
      "resolved": "https://registry.npmjs.org/undici-types/-/undici-types-6.20.0.tgz",
      "integrity": "sha512-Ny6QZ2Nju20vw1SRHe3d9jVu6gJ+4e3+MMpqu7pqE5HT6WsTSlce++GQmK5UXS8mzV8DSYHrQH+Xrf2jVcuKNg==",
      "dev": true,
      "license": "MIT"
    },
    "vendor/koota": {
      "version": "0.6.6",
      "license": "ISC",
      "peerDependencies": {
        "@types/react": ">=18.0.0",
        "react": ">=18.0.0"
      },
      "peerDependenciesMeta": {
        "@types/react": {
          "optional": true
        },
        "react": {
          "optional": true
        }
      }
    }
  }
}
